
Microsoft Visual Studio Solution File, Format Version 12.00
# Visual Studio Version 16
VisualStudioVersion = 16.0.30011.22
MinimumVisualStudioVersion = 10.0.40219.1
Project("{FAE04EC0-301F-11D3-BF4B-00C04F79EFBC}") = "SecurityTestingServer", "SecurityTestingServer.csproj", "{50BC9D95-B85F-47CA-8304-6F73683C3E6E}"
EndProject
Project("{FAE04EC0-301F-11D3-BF4B-00C04F79EFBC}") = "test", "..\test\test.csproj", "{F22AAC65-9955-4EF7-8F99-D59C0037A2F0}"
EndProject
Global
	GlobalSection(SolutionConfigurationPlatforms) = preSolution
		Debug|Any CPU = Debug|Any CPU
		Release|Any CPU = Release|Any CPU
	EndGlobalSection
	GlobalSection(ProjectConfigurationPlatforms) = postSolution
		{50BC9D95-B85F-47CA-8304-6F73683C3E6E}.Debug|Any CPU.ActiveCfg = Debug|Any CPU
		{50BC9D95-B85F-47CA-8304-6F73683C3E6E}.Debug|Any CPU.Build.0 = Debug|Any CPU
		{50BC9D95-B85F-47CA-8304-6F73683C3E6E}.Release|Any CPU.ActiveCfg = Release|Any CPU
		{50BC9D95-B85F-47CA-8304-6F73683C3E6E}.Release|Any CPU.Build.0 = Release|Any CPU
		{F22AAC65-9955-4EF7-8F99-D59C0037A2F0}.Debug|Any CPU.ActiveCfg = Debug|Any CPU
		{F22AAC65-9955-4EF7-8F99-D59C0037A2F0}.Debug|Any CPU.Build.0 = Debug|Any CPU
		{F22AAC65-9955-4EF7-8F99-D59C0037A2F0}.Release|Any CPU.ActiveCfg = Release|Any CPU
		{F22AAC65-9955-4EF7-8F99-D59C0037A2F0}.Release|Any CPU.Build.0 = Release|Any CPU
	EndGlobalSection
	GlobalSection(SolutionProperties) = preSolution
		HideSolutionNode = FALSE
	EndGlobalSection
	GlobalSection(ExtensibilityGlobals) = postSolution
		SolutionGuid = {91BF8A67-D52D-4FED-B8B5-1E004E82A5E0}
	EndGlobalSection
EndGlobal
